
Microsoft Visual Studio Solution File, Format Version 12.00
# Visual Studio 14
VisualStudioVersion = 14.0.25420.1
MinimumVisualStudioVersion = 10.0.40219.1
Project("{FAE04EC0-301F-11D3-BF4B-00C04F79EFBC}") = "EventManager", "EventManager.csproj", "{5FE728FA-5ABC-4231-A085-B3FDEEC2D85D}"
	ProjectSection(ProjectDependencies) = postProject
		{52E29623-36C9-41D3-B1F7-CF9EDCC1EE48} = {52E29623-36C9-41D3-B1F7-CF9EDCC1EE48}
		{11B8774E-C90C-45F6-BC1F-0B009F801C65} = {11B8774E-C90C-45F6-BC1F-0B009F801C65}
		{D335DDBF-B59F-40BF-A94C-041DB88A8CE0} = {D335DDBF-B59F-40BF-A94C-041DB88A8CE0}
	EndProjectSection
EndProject
Project("{FAE04EC0-301F-11D3-BF4B-00C04F79EFBC}") = "Tests", "..\Tests\Tests.csproj", "{CA24698B-07D8-4C25-A442-4A099374C29B}"
	ProjectSection(ProjectDependencies) = postProject
		{5FE728FA-5ABC-4231-A085-B3FDEEC2D85D} = {5FE728FA-5ABC-4231-A085-B3FDEEC2D85D}
	EndProjectSection
EndProject
Project("{FAE04EC0-301F-11D3-BF4B-00C04F79EFBC}") = "DomainLayer", "..\DomainLayer\DomainLayer.csproj", "{7ACC97F8-7B28-4CB4-A823-6C6F97483A9B}"
EndProject
Project("{FAE04EC0-301F-11D3-BF4B-00C04F79EFBC}") = "RepoLayer", "..\RepoLayer\RepoLayer.csproj", "{36AA6ED5-2EAC-490C-A2E3-6464B1F4167F}"
EndProject
Project("{FAE04EC0-301F-11D3-BF4B-00C04F79EFBC}") = "AppLayer", "..\AppLayer\AppLayer.csproj", "{A5107FC1-8671-4674-8DF9-7C894B8792CD}"
EndProject
Project("{2150E333-8FDC-42A3-9474-1A3956D46DE8}") = "DDDLayers", "DDDLayers", "{7EB37BC8-3A3D-47AA-8D10-D522C51EB3C7}"
EndProject
Project("{FAE04EC0-301F-11D3-BF4B-00C04F79EFBC}") = "UILayer", "..\UILayer\UILayer.csproj", "{B0E3C81F-8859-4FCF-9D9C-58F8DD07358F}"
EndProject
Project("{2150E333-8FDC-42A3-9474-1A3956D46DE8}") = "Sessions", "Sessions", "{EB157CE0-4379-4EC5-BF31-FB69A0369E62}"
EndProject
Project("{FAE04EC0-301F-11D3-BF4B-00C04F79EFBC}") = "LoginSession", "..\Sessions\LoginSession\LoginSession.csproj", "{809F40B4-4432-46DC-A91C-919E5FBC4DB8}"
EndProject
Project("{FAE04EC0-301F-11D3-BF4B-00C04F79EFBC}") = "ListSession", "..\Sessions\ListSession\ListSession.csproj", "{D7B16A42-48B8-4A6D-ADD0-4C564616EFB4}"
EndProject
Project("{FAE04EC0-301F-11D3-BF4B-00C04F79EFBC}") = "EventListSession", "..\Sessions\EventListSession\EventListSession.csproj", "{52E29623-36C9-41D3-B1F7-CF9EDCC1EE48}"
EndProject
Project("{FAE04EC0-301F-11D3-BF4B-00C04F79EFBC}") = "AddSession", "..\Sessions\AddSession\AddSession.csproj", "{D335DDBF-B59F-40BF-A94C-041DB88A8CE0}"
EndProject
Project("{FAE04EC0-301F-11D3-BF4B-00C04F79EFBC}") = "DeleteEventsSession", "..\Sessions\DeleteEventsSession\DeleteEventsSession.csproj", "{11B8774E-C90C-45F6-BC1F-0B009F801C65}"
EndProject
Global
	GlobalSection(SolutionConfigurationPlatforms) = preSolution
		Debug|Any CPU = Debug|Any CPU
		Release|Any CPU = Release|Any CPU
	EndGlobalSection
	GlobalSection(ProjectConfigurationPlatforms) = postSolution
		{5FE728FA-5ABC-4231-A085-B3FDEEC2D85D}.Debug|Any CPU.ActiveCfg = Debug|Any CPU
		{5FE728FA-5ABC-4231-A085-B3FDEEC2D85D}.Debug|Any CPU.Build.0 = Debug|Any CPU
		{5FE728FA-5ABC-4231-A085-B3FDEEC2D85D}.Release|Any CPU.ActiveCfg = Release|Any CPU
		{5FE728FA-5ABC-4231-A085-B3FDEEC2D85D}.Release|Any CPU.Build.0 = Release|Any CPU
		{CA24698B-07D8-4C25-A442-4A099374C29B}.Debug|Any CPU.ActiveCfg = Debug|Any CPU
		{CA24698B-07D8-4C25-A442-4A099374C29B}.Debug|Any CPU.Build.0 = Debug|Any CPU
		{CA24698B-07D8-4C25-A442-4A099374C29B}.Release|Any CPU.ActiveCfg = Release|Any CPU
		{CA24698B-07D8-4C25-A442-4A099374C29B}.Release|Any CPU.Build.0 = Release|Any CPU
		{7ACC97F8-7B28-4CB4-A823-6C6F97483A9B}.Debug|Any CPU.ActiveCfg = Debug|Any CPU
		{7ACC97F8-7B28-4CB4-A823-6C6F97483A9B}.Debug|Any CPU.Build.0 = Debug|Any CPU
		{7ACC97F8-7B28-4CB4-A823-6C6F97483A9B}.Release|Any CPU.ActiveCfg = Release|Any CPU
		{7ACC97F8-7B28-4CB4-A823-6C6F97483A9B}.Release|Any CPU.Build.0 = Release|Any CPU
		{36AA6ED5-2EAC-490C-A2E3-6464B1F4167F}.Debug|Any CPU.ActiveCfg = Debug|Any CPU
		{36AA6ED5-2EAC-490C-A2E3-6464B1F4167F}.Debug|Any CPU.Build.0 = Debug|Any CPU
		{36AA6ED5-2EAC-490C-A2E3-6464B1F4167F}.Release|Any CPU.ActiveCfg = Release|Any CPU
		{36AA6ED5-2EAC-490C-A2E3-6464B1F4167F}.Release|Any CPU.Build.0 = Release|Any CPU
		{A5107FC1-8671-4674-8DF9-7C894B8792CD}.Debug|Any CPU.ActiveCfg = Debug|Any CPU
		{A5107FC1-8671-4674-8DF9-7C894B8792CD}.Debug|Any CPU.Build.0 = Debug|Any CPU
		{A5107FC1-8671-4674-8DF9-7C894B8792CD}.Release|Any CPU.ActiveCfg = Release|Any CPU
		{A5107FC1-8671-4674-8DF9-7C894B8792CD}.Release|Any CPU.Build.0 = Release|Any CPU
		{B0E3C81F-8859-4FCF-9D9C-58F8DD07358F}.Debug|Any CPU.ActiveCfg = Debug|Any CPU
		{B0E3C81F-8859-4FCF-9D9C-58F8DD07358F}.Debug|Any CPU.Build.0 = Debug|Any CPU
		{B0E3C81F-8859-4FCF-9D9C-58F8DD07358F}.Release|Any CPU.ActiveCfg = Release|Any CPU
		{B0E3C81F-8859-4FCF-9D9C-58F8DD07358F}.Release|Any CPU.Build.0 = Release|Any CPU
		{809F40B4-4432-46DC-A91C-919E5FBC4DB8}.Debug|Any CPU.ActiveCfg = Debug|Any CPU
		{809F40B4-4432-46DC-A91C-919E5FBC4DB8}.Debug|Any CPU.Build.0 = Debug|Any CPU
		{809F40B4-4432-46DC-A91C-919E5FBC4DB8}.Release|Any CPU.ActiveCfg = Release|Any CPU
		{809F40B4-4432-46DC-A91C-919E5FBC4DB8}.Release|Any CPU.Build.0 = Release|Any CPU
		{D7B16A42-48B8-4A6D-ADD0-4C564616EFB4}.Debug|Any CPU.ActiveCfg = Debug|Any CPU
		{D7B16A42-48B8-4A6D-ADD0-4C564616EFB4}.Debug|Any CPU.Build.0 = Debug|Any CPU
		{D7B16A42-48B8-4A6D-ADD0-4C564616EFB4}.Release|Any CPU.ActiveCfg = Release|Any CPU
		{D7B16A42-48B8-4A6D-ADD0-4C564616EFB4}.Release|Any CPU.Build.0 = Release|Any CPU
		{52E29623-36C9-41D3-B1F7-CF9EDCC1EE48}.Debug|Any CPU.ActiveCfg = Debug|Any CPU
		{52E29623-36C9-41D3-B1F7-CF9EDCC1EE48}.Debug|Any CPU.Build.0 = Debug|Any CPU
		{52E29623-36C9-41D3-B1F7-CF9EDCC1EE48}.Release|Any CPU.ActiveCfg = Release|Any CPU
		{52E29623-36C9-41D3-B1F7-CF9EDCC1EE48}.Release|Any CPU.Build.0 = Release|Any CPU
		{D335DDBF-B59F-40BF-A94C-041DB88A8CE0}.Debug|Any CPU.ActiveCfg = Debug|Any CPU
		{D335DDBF-B59F-40BF-A94C-041DB88A8CE0}.Debug|Any CPU.Build.0 = Debug|Any CPU
		{D335DDBF-B59F-40BF-A94C-041DB88A8CE0}.Release|Any CPU.ActiveCfg = Release|Any CPU
		{D335DDBF-B59F-40BF-A94C-041DB88A8CE0}.Release|Any CPU.Build.0 = Release|Any CPU
		{11B8774E-C90C-45F6-BC1F-0B009F801C65}.Debug|Any CPU.ActiveCfg = Debug|Any CPU
		{11B8774E-C90C-45F6-BC1F-0B009F801C65}.Debug|Any CPU.Build.0 = Debug|Any CPU
		{11B8774E-C90C-45F6-BC1F-0B009F801C65}.Release|Any CPU.ActiveCfg = Release|Any CPU
		{11B8774E-C90C-45F6-BC1F-0B009F801C65}.Release|Any CPU.Build.0 = Release|Any CPU
	EndGlobalSection
	GlobalSection(SolutionProperties) = preSolution
		HideSolutionNode = FALSE
	EndGlobalSection
	GlobalSection(NestedProjects) = preSolution
		{7ACC97F8-7B28-4CB4-A823-6C6F97483A9B} = {7EB37BC8-3A3D-47AA-8D10-D522C51EB3C7}
		{36AA6ED5-2EAC-490C-A2E3-6464B1F4167F} = {7EB37BC8-3A3D-47AA-8D10-D522C51EB3C7}
		{A5107FC1-8671-4674-8DF9-7C894B8792CD} = {7EB37BC8-3A3D-47AA-8D10-D522C51EB3C7}
		{B0E3C81F-8859-4FCF-9D9C-58F8DD07358F} = {7EB37BC8-3A3D-47AA-8D10-D522C51EB3C7}
		{809F40B4-4432-46DC-A91C-919E5FBC4DB8} = {EB157CE0-4379-4EC5-BF31-FB69A0369E62}
		{D7B16A42-48B8-4A6D-ADD0-4C564616EFB4} = {EB157CE0-4379-4EC5-BF31-FB69A0369E62}
		{52E29623-36C9-41D3-B1F7-CF9EDCC1EE48} = {EB157CE0-4379-4EC5-BF31-FB69A0369E62}
		{D335DDBF-B59F-40BF-A94C-041DB88A8CE0} = {EB157CE0-4379-4EC5-BF31-FB69A0369E62}
		{11B8774E-C90C-45F6-BC1F-0B009F801C65} = {EB157CE0-4379-4EC5-BF31-FB69A0369E62}
	EndGlobalSection
EndGlobal
