
Microsoft Visual Studio Solution File, Format Version 12.00
# Visual Studio 14
VisualStudioVersion = 14.0.25420.1
MinimumVisualStudioVersion = 10.0.40219.1
Project("{FAE04EC0-301F-11D3-BF4B-00C04F79EFBC}") = "EventManager", "EventManager.csproj", "{5FE728FA-5ABC-4231-A085-B3FDEEC2D85D}"
EndProject
Project("{FAE04EC0-301F-11D3-BF4B-00C04F79EFBC}") = "Tests", "..\Tests\Tests.csproj", "{CA24698B-07D8-4C25-A442-4A099374C29B}"
	ProjectSection(ProjectDependencies) = postProject
		{5FE728FA-5ABC-4231-A085-B3FDEEC2D85D} = {5FE728FA-5ABC-4231-A085-B3FDEEC2D85D}
	EndProjectSection
EndProject
Project("{2150E333-8FDC-42A3-9474-1A3956D46DE8}") = "Commands", "Commands", "{F73C6F35-B9B9-45C9-906E-BB3A3A447EF5}"
EndProject
Project("{FAE04EC0-301F-11D3-BF4B-00C04F79EFBC}") = "EventCommand", "..\Commands\EventCommand\EventCommand.csproj", "{4533CBE2-2F09-4E14-B50A-339613E5EB77}"
EndProject
Project("{FAE04EC0-301F-11D3-BF4B-00C04F79EFBC}") = "DomainLayer", "..\DomainLayer\DomainLayer.csproj", "{7ACC97F8-7B28-4CB4-A823-6C6F97483A9B}"
EndProject
Project("{FAE04EC0-301F-11D3-BF4B-00C04F79EFBC}") = "RepoLayer", "..\RepoLayer\RepoLayer.csproj", "{36AA6ED5-2EAC-490C-A2E3-6464B1F4167F}"
EndProject
Project("{FAE04EC0-301F-11D3-BF4B-00C04F79EFBC}") = "AppLayer", "..\AppLayer\AppLayer.csproj", "{A5107FC1-8671-4674-8DF9-7C894B8792CD}"
EndProject
Project("{2150E333-8FDC-42A3-9474-1A3956D46DE8}") = "DDDLayers", "DDDLayers", "{7EB37BC8-3A3D-47AA-8D10-D522C51EB3C7}"
EndProject
Project("{FAE04EC0-301F-11D3-BF4B-00C04F79EFBC}") = "UILayer", "..\UILayer\UILayer.csproj", "{B0E3C81F-8859-4FCF-9D9C-58F8DD07358F}"
EndProject
Project("{FAE04EC0-301F-11D3-BF4B-00C04F79EFBC}") = "AddCommand", "..\Commands\AddCommand\AddCommand.csproj", "{F8347E68-1A4B-4C7E-B6F4-796F48FEABC6}"
EndProject
Project("{FAE04EC0-301F-11D3-BF4B-00C04F79EFBC}") = "ListCommand", "..\Commands\ListCommand\ListCommand.csproj", "{35AB842A-BEAE-47CF-A6E6-110C2FEAA9FA}"
EndProject
Global
	GlobalSection(SolutionConfigurationPlatforms) = preSolution
		Debug|Any CPU = Debug|Any CPU
		Release|Any CPU = Release|Any CPU
	EndGlobalSection
	GlobalSection(ProjectConfigurationPlatforms) = postSolution
		{5FE728FA-5ABC-4231-A085-B3FDEEC2D85D}.Debug|Any CPU.ActiveCfg = Debug|Any CPU
		{5FE728FA-5ABC-4231-A085-B3FDEEC2D85D}.Debug|Any CPU.Build.0 = Debug|Any CPU
		{5FE728FA-5ABC-4231-A085-B3FDEEC2D85D}.Release|Any CPU.ActiveCfg = Release|Any CPU
		{5FE728FA-5ABC-4231-A085-B3FDEEC2D85D}.Release|Any CPU.Build.0 = Release|Any CPU
		{CA24698B-07D8-4C25-A442-4A099374C29B}.Debug|Any CPU.ActiveCfg = Debug|Any CPU
		{CA24698B-07D8-4C25-A442-4A099374C29B}.Debug|Any CPU.Build.0 = Debug|Any CPU
		{CA24698B-07D8-4C25-A442-4A099374C29B}.Release|Any CPU.ActiveCfg = Release|Any CPU
		{CA24698B-07D8-4C25-A442-4A099374C29B}.Release|Any CPU.Build.0 = Release|Any CPU
		{4533CBE2-2F09-4E14-B50A-339613E5EB77}.Debug|Any CPU.ActiveCfg = Debug|Any CPU
		{4533CBE2-2F09-4E14-B50A-339613E5EB77}.Debug|Any CPU.Build.0 = Debug|Any CPU
		{4533CBE2-2F09-4E14-B50A-339613E5EB77}.Release|Any CPU.ActiveCfg = Release|Any CPU
		{4533CBE2-2F09-4E14-B50A-339613E5EB77}.Release|Any CPU.Build.0 = Release|Any CPU
		{7ACC97F8-7B28-4CB4-A823-6C6F97483A9B}.Debug|Any CPU.ActiveCfg = Debug|Any CPU
		{7ACC97F8-7B28-4CB4-A823-6C6F97483A9B}.Debug|Any CPU.Build.0 = Debug|Any CPU
		{7ACC97F8-7B28-4CB4-A823-6C6F97483A9B}.Release|Any CPU.ActiveCfg = Release|Any CPU
		{7ACC97F8-7B28-4CB4-A823-6C6F97483A9B}.Release|Any CPU.Build.0 = Release|Any CPU
		{36AA6ED5-2EAC-490C-A2E3-6464B1F4167F}.Debug|Any CPU.ActiveCfg = Debug|Any CPU
		{36AA6ED5-2EAC-490C-A2E3-6464B1F4167F}.Debug|Any CPU.Build.0 = Debug|Any CPU
		{36AA6ED5-2EAC-490C-A2E3-6464B1F4167F}.Release|Any CPU.ActiveCfg = Release|Any CPU
		{36AA6ED5-2EAC-490C-A2E3-6464B1F4167F}.Release|Any CPU.Build.0 = Release|Any CPU
		{A5107FC1-8671-4674-8DF9-7C894B8792CD}.Debug|Any CPU.ActiveCfg = Debug|Any CPU
		{A5107FC1-8671-4674-8DF9-7C894B8792CD}.Debug|Any CPU.Build.0 = Debug|Any CPU
		{A5107FC1-8671-4674-8DF9-7C894B8792CD}.Release|Any CPU.ActiveCfg = Release|Any CPU
		{A5107FC1-8671-4674-8DF9-7C894B8792CD}.Release|Any CPU.Build.0 = Release|Any CPU
		{B0E3C81F-8859-4FCF-9D9C-58F8DD07358F}.Debug|Any CPU.ActiveCfg = Debug|Any CPU
		{B0E3C81F-8859-4FCF-9D9C-58F8DD07358F}.Debug|Any CPU.Build.0 = Debug|Any CPU
		{B0E3C81F-8859-4FCF-9D9C-58F8DD07358F}.Release|Any CPU.ActiveCfg = Release|Any CPU
		{B0E3C81F-8859-4FCF-9D9C-58F8DD07358F}.Release|Any CPU.Build.0 = Release|Any CPU
		{F8347E68-1A4B-4C7E-B6F4-796F48FEABC6}.Debug|Any CPU.ActiveCfg = Debug|Any CPU
		{F8347E68-1A4B-4C7E-B6F4-796F48FEABC6}.Debug|Any CPU.Build.0 = Debug|Any CPU
		{F8347E68-1A4B-4C7E-B6F4-796F48FEABC6}.Release|Any CPU.ActiveCfg = Release|Any CPU
		{F8347E68-1A4B-4C7E-B6F4-796F48FEABC6}.Release|Any CPU.Build.0 = Release|Any CPU
		{35AB842A-BEAE-47CF-A6E6-110C2FEAA9FA}.Debug|Any CPU.ActiveCfg = Debug|Any CPU
		{35AB842A-BEAE-47CF-A6E6-110C2FEAA9FA}.Debug|Any CPU.Build.0 = Debug|Any CPU
		{35AB842A-BEAE-47CF-A6E6-110C2FEAA9FA}.Release|Any CPU.ActiveCfg = Release|Any CPU
		{35AB842A-BEAE-47CF-A6E6-110C2FEAA9FA}.Release|Any CPU.Build.0 = Release|Any CPU
	EndGlobalSection
	GlobalSection(SolutionProperties) = preSolution
		HideSolutionNode = FALSE
	EndGlobalSection
	GlobalSection(NestedProjects) = preSolution
		{4533CBE2-2F09-4E14-B50A-339613E5EB77} = {F73C6F35-B9B9-45C9-906E-BB3A3A447EF5}
		{7ACC97F8-7B28-4CB4-A823-6C6F97483A9B} = {7EB37BC8-3A3D-47AA-8D10-D522C51EB3C7}
		{36AA6ED5-2EAC-490C-A2E3-6464B1F4167F} = {7EB37BC8-3A3D-47AA-8D10-D522C51EB3C7}
		{A5107FC1-8671-4674-8DF9-7C894B8792CD} = {7EB37BC8-3A3D-47AA-8D10-D522C51EB3C7}
		{B0E3C81F-8859-4FCF-9D9C-58F8DD07358F} = {7EB37BC8-3A3D-47AA-8D10-D522C51EB3C7}
		{F8347E68-1A4B-4C7E-B6F4-796F48FEABC6} = {F73C6F35-B9B9-45C9-906E-BB3A3A447EF5}
		{35AB842A-BEAE-47CF-A6E6-110C2FEAA9FA} = {F73C6F35-B9B9-45C9-906E-BB3A3A447EF5}
	EndGlobalSection
EndGlobal
